{
  "name": "fractal-quickstart",
  "version": "0.3.1",
  "lockfileVersion": 1,
  "requires": true,
  "dependencies": {
    "@types/core-js": {
      "version": "0.9.43",
      "resolved": "https://registry.npmjs.org/@types/core-js/-/core-js-0.9.43.tgz",
      "integrity": "sha512-Y11dktBJ5YwKXX8DfHSb9V6shXKSHN5P2URPZLHTRjX3OsO/u8u1kZnSJvsuSH74aTg8f5ZKcpEeCdIJOcBkHg=="
    },
    "@types/node": {
      "version": "8.0.47",
      "resolved": "https://registry.npmjs.org/@types/node/-/node-8.0.47.tgz",
      "integrity": "sha512-kOwL746WVvt/9Phf6/JgX/bsGQvbrK5iUgzyfwZNcKVFcjAUVSpF9HxevLTld2SG9aywYHOILj38arDdY1r/iQ=="
    },
    "browser-split": {
      "version": "0.0.1",
      "resolved": "https://registry.npmjs.org/browser-split/-/browser-split-0.0.1.tgz",
      "integrity": "sha1-ewl1dPjj6tYG+0Zk5krf3aKYGpM="
    },
    "commander": {
      "version": "https://registry.npmjs.org/commander/-/commander-2.9.0.tgz",
      "integrity": "sha1-nJkJQXbhIkDLItbFFGCYQA/g99Q=",
      "dev": true,
      "requires": {
        "graceful-readlink": "https://registry.npmjs.org/graceful-readlink/-/graceful-readlink-1.0.1.tgz"
      }
    },
    "deep-equal": {
      "version": "1.0.1",
      "resolved": "https://registry.npmjs.org/deep-equal/-/deep-equal-1.0.1.tgz",
      "integrity": "sha1-9dJgKStmDghO/0zbyfCK0yR0SLU="
    },
    "deepmerge": {
      "version": "1.5.2",
      "resolved": "https://registry.npmjs.org/deepmerge/-/deepmerge-1.5.2.tgz",
      "integrity": "sha512-95k0GDqvBjZavkuvzx/YqVLv/6YYa17fz6ILMSf7neqQITCPbnfEnQvEgMPNjH4kgobe7+WIL0yJEHku+H3qtQ=="
    },
    "fractal-core": {
      "version": "4.0.4",
      "resolved": "https://registry.npmjs.org/fractal-core/-/fractal-core-4.0.4.tgz",
      "integrity": "sha512-dz4YqDmmaTQsyeiM5fY/2zb8wpboF07r9yS9FK2MPrxtUbSBUWT/AxHfaP2QNJuA2hEoFVNAXhmqH8NQNuT63A==",
      "requires": {
        "@types/core-js": "0.9.43",
        "@types/node": "8.0.47",
        "deep-equal": "1.0.1",
        "deepmerge": "1.5.2",
        "lodash.escape": "4.0.1",
        "lodash.forown": "4.4.0",
        "lodash.kebabcase": "4.1.1",
        "lodash.remove": "4.7.0",
        "lodash.uniq": "4.5.0",
        "navigo": "5.3.3",
        "object-assign": "4.1.1",
        "parse-sel": "1.0.0",
        "setimmediate": "1.0.5",
        "snabbdom": "0.6.9",
        "typestyle": "1.4.5"
      },
      "dependencies": {
        "object-assign": {
          "version": "4.1.1",
          "resolved": "https://registry.npmjs.org/object-assign/-/object-assign-4.1.1.tgz",
          "integrity": "sha1-IQmtx5ZYh8/AXLvUQsrIv7s2CGM="
        }
      }
    },
    "free-style": {
      "version": "2.4.1",
      "resolved": "https://registry.npmjs.org/free-style/-/free-style-2.4.1.tgz",
      "integrity": "sha512-MvYHzGTpNbEdESMD0Luj3GOf5PEfnl+jIpkss1C3nexFzvAnDO6GSS8PILvIErg5Cr8vwKH+1C9+q8ruLue41Q=="
    },
    "graceful-readlink": {
      "version": "https://registry.npmjs.org/graceful-readlink/-/graceful-readlink-1.0.1.tgz",
      "integrity": "sha1-TK+tdrxi8C+gObL5Tpo906ORpyU=",
      "dev": true
    },
    "lodash.escape": {
      "version": "4.0.1",
      "resolved": "https://registry.npmjs.org/lodash.escape/-/lodash.escape-4.0.1.tgz",
      "integrity": "sha1-yQRGkMIeBClL6qUXcS/e0fqI3pg="
    },
    "lodash.forown": {
      "version": "4.4.0",
      "resolved": "https://registry.npmjs.org/lodash.forown/-/lodash.forown-4.4.0.tgz",
      "integrity": "sha1-hRFc8E9z75ZuztUlEdOJPMRmg68="
    },
    "lodash.kebabcase": {
      "version": "4.1.1",
      "resolved": "https://registry.npmjs.org/lodash.kebabcase/-/lodash.kebabcase-4.1.1.tgz",
      "integrity": "sha1-hImxyw0p/4gZXM7KRI/21swpXDY="
    },
    "lodash.remove": {
      "version": "4.7.0",
      "resolved": "https://registry.npmjs.org/lodash.remove/-/lodash.remove-4.7.0.tgz",
      "integrity": "sha1-8x0x58OaBpDVB07A02JxYjNO5iY="
    },
    "lodash.uniq": {
      "version": "4.5.0",
      "resolved": "https://registry.npmjs.org/lodash.uniq/-/lodash.uniq-4.5.0.tgz",
      "integrity": "sha1-0CJTc662Uq3BvILklFM5qEJ1R3M="
    },
    "navigo": {
      "version": "5.3.3",
      "resolved": "https://registry.npmjs.org/navigo/-/navigo-5.3.3.tgz",
      "integrity": "sha1-FAR4L571yypd1eOu1dVFYjVumJM="
    },
    "parse-sel": {
      "version": "1.0.0",
      "resolved": "https://registry.npmjs.org/parse-sel/-/parse-sel-1.0.0.tgz",
      "integrity": "sha1-uTANK7lGoGwiyY4gjkeyCIaQy90=",
      "requires": {
        "browser-split": "0.0.1"
      }
    },
    "setimmediate": {
      "version": "1.0.5",
      "resolved": "https://registry.npmjs.org/setimmediate/-/setimmediate-1.0.5.tgz",
      "integrity": "sha1-KQy7Iy4waULX1+qbg3Mqt4VvgoU="
    },
    "snabbdom": {
      "version": "0.6.9",
      "resolved": "https://registry.npmjs.org/snabbdom/-/snabbdom-0.6.9.tgz",
      "integrity": "sha1-ZaOS9Mgsp+jscqoNL6eXz1xzuNc="
    },
    "source-map": {
      "version": "https://registry.npmjs.org/source-map/-/source-map-0.5.6.tgz",
      "integrity": "sha1-dc449SvwczxafwwRjYEzSiu19BI=",
      "dev": true
    },
    "typescript": {
      "version": "2.6.0-rc",
      "resolved": "https://registry.npmjs.org/typescript/-/typescript-2.6.0-rc.tgz",
      "integrity": "sha512-5dDv8NNGYmipBdXnt9mqWqIbzQ/mY5XWjrLeNEROmkHGJ6TnacHUihXi2SvKMHQsCafbJZqaSO+agMRl8F36GA==",
      "dev": true
    },
    "typestyle": {
      "version": "1.4.5",
      "resolved": "https://registry.npmjs.org/typestyle/-/typestyle-1.4.5.tgz",
      "integrity": "sha512-EYLGJ04JbH25P1Ku0YQqZ21LWM5olnlnMM0/NTY1Jc7E9U3pKj9GD+wd2MSQtxAczSwVoceoXkmKZ0xrlfIPZQ==",
      "requires": {
        "free-style": "2.4.1"
      }
    },
    "uglify-js": {
      "version": "3.1.6",
      "resolved": "https://registry.npmjs.org/uglify-js/-/uglify-js-3.1.6.tgz",
      "integrity": "sha512-/rseyxEKEVMBo8279lqpoJgD6C/i/CIi+9TJDvWmb+Xo6mqMKwjA8Io3IMHlcXQzj99feR6zrN8m3wqqvm/nYA==",
      "dev": true,
      "requires": {
        "commander": "https://registry.npmjs.org/commander/-/commander-2.9.0.tgz",
        "source-map": "https://registry.npmjs.org/source-map/-/source-map-0.5.6.tgz"
      }
    }
  }
}
